
Microsoft Visual Studio Solution File, Format Version 12.00
# Visual Studio Version 16
VisualStudioVersion = 16.0.29215.179
MinimumVisualStudioVersion = 10.0.40219.1
Project("{FAE04EC0-301F-11D3-BF4B-00C04F79EFBC}") = "Canvas", "Canvas\Canvas.csproj", "{1AC06665-A753-4A6C-980F-4D8993FE5A2A}"
EndProject
Global
	GlobalSection(SolutionConfigurationPlatforms) = preSolution
		Debug|Any CPU = Debug|Any CPU
		Release|Any CPU = Release|Any CPU
	EndGlobalSection
	GlobalSection(ProjectConfigurationPlatforms) = postSolution
		{1AC06665-A753-4A6C-980F-4D8993FE5A2A}.Debug|Any CPU.ActiveCfg = Debug|Any CPU
		{1AC06665-A753-4A6C-980F-4D8993FE5A2A}.Debug|Any CPU.Build.0 = Debug|Any CPU
		{1AC06665-A753-4A6C-980F-4D8993FE5A2A}.Release|Any CPU.ActiveCfg = Release|Any CPU
		{1AC06665-A753-4A6C-980F-4D8993FE5A2A}.Release|Any CPU.Build.0 = Release|Any CPU
	EndGlobalSection
	GlobalSection(SolutionProperties) = preSolution
		HideSolutionNode = FALSE
	EndGlobalSection
	GlobalSection(ExtensibilityGlobals) = postSolution
		SolutionGuid = {9EC2D456-B561-41D3-82CE-663418EF13F2}
	EndGlobalSection
EndGlobal
